
Microsoft Visual Studio Solution File, Format Version 12.00
# Visual Studio Version 17
VisualStudioVersion = 17.3.32929.385
MinimumVisualStudioVersion = 10.0.40219.1
Project("{FAE04EC0-301F-11D3-BF4B-00C04F79EFBC}") = "WebApplication1", "WebApplication1\WebApplication1.csproj", "{B5759D09-634B-4E59-8120-046A92DBB3D5}"
EndProject
Global
	GlobalSection(SolutionConfigurationPlatforms) = preSolution
		Debug|Any CPU = Debug|Any CPU
		Release|Any CPU = Release|Any CPU
	EndGlobalSection
	GlobalSection(ProjectConfigurationPlatforms) = postSolution
		{B5759D09-634B-4E59-8120-046A92DBB3D5}.Debug|Any CPU.ActiveCfg = Debug|Any CPU
		{B5759D09-634B-4E59-8120-046A92DBB3D5}.Debug|Any CPU.Build.0 = Debug|Any CPU
		{B5759D09-634B-4E59-8120-046A92DBB3D5}.Release|Any CPU.ActiveCfg = Release|Any CPU
		{B5759D09-634B-4E59-8120-046A92DBB3D5}.Release|Any CPU.Build.0 = Release|Any CPU
	EndGlobalSection
	GlobalSection(SolutionProperties) = preSolution
		HideSolutionNode = FALSE
	EndGlobalSection
	GlobalSection(ExtensibilityGlobals) = postSolution
		SolutionGuid = {3FF295D2-20EA-4884-9FEE-65767F6D3000}
	EndGlobalSection
EndGlobal
